
Microsoft Visual Studio Solution File, Format Version 12.00
# Visual Studio Version 17
VisualStudioVersion = 17.8.34525.116
MinimumVisualStudioVersion = 10.0.40219.1
Project("{FAE04EC0-301F-11D3-BF4B-00C04F79EFBC}") = "CapacitacionArquitecturas", "CapacitacionArquitecturas\CapacitacionArquitecturas.csproj", "{41594AC8-D6DD-4C10-9780-B5BA3E8AE555}"
EndProject
Project("{FAE04EC0-301F-11D3-BF4B-00C04F79EFBC}") = "CapacitacionArquitecturas.Domain", "CapacitacionArquitecturas.Domain\CapacitacionArquitecturas.Domain.csproj", "{BA031C31-FA73-4861-8D23-4D467C952CEB}"
EndProject
Project("{FAE04EC0-301F-11D3-BF4B-00C04F79EFBC}") = "CapacitacionArquitecturas.Application", "CapacitacionArquitecturas.Application\CapacitacionArquitecturas.Application.csproj", "{FC0B1A89-1503-42DC-9BB9-D2DDCF53B3F9}"
EndProject
Project("{FAE04EC0-301F-11D3-BF4B-00C04F79EFBC}") = "CapacitacionArquitecturas.Infrastructure", "CapacitacionArquitecturas.Infrastructure\CapacitacionArquitecturas.Infrastructure.csproj", "{31F41B85-BA86-48F0-89DF-84590DAFA7CF}"
EndProject
Global
	GlobalSection(SolutionConfigurationPlatforms) = preSolution
		Debug|Any CPU = Debug|Any CPU
		Release|Any CPU = Release|Any CPU
	EndGlobalSection
	GlobalSection(ProjectConfigurationPlatforms) = postSolution
		{41594AC8-D6DD-4C10-9780-B5BA3E8AE555}.Debug|Any CPU.ActiveCfg = Debug|Any CPU
		{41594AC8-D6DD-4C10-9780-B5BA3E8AE555}.Debug|Any CPU.Build.0 = Debug|Any CPU
		{41594AC8-D6DD-4C10-9780-B5BA3E8AE555}.Release|Any CPU.ActiveCfg = Release|Any CPU
		{41594AC8-D6DD-4C10-9780-B5BA3E8AE555}.Release|Any CPU.Build.0 = Release|Any CPU
		{BA031C31-FA73-4861-8D23-4D467C952CEB}.Debug|Any CPU.ActiveCfg = Debug|Any CPU
		{BA031C31-FA73-4861-8D23-4D467C952CEB}.Debug|Any CPU.Build.0 = Debug|Any CPU
		{BA031C31-FA73-4861-8D23-4D467C952CEB}.Release|Any CPU.ActiveCfg = Release|Any CPU
		{BA031C31-FA73-4861-8D23-4D467C952CEB}.Release|Any CPU.Build.0 = Release|Any CPU
		{FC0B1A89-1503-42DC-9BB9-D2DDCF53B3F9}.Debug|Any CPU.ActiveCfg = Debug|Any CPU
		{FC0B1A89-1503-42DC-9BB9-D2DDCF53B3F9}.Debug|Any CPU.Build.0 = Debug|Any CPU
		{FC0B1A89-1503-42DC-9BB9-D2DDCF53B3F9}.Release|Any CPU.ActiveCfg = Release|Any CPU
		{FC0B1A89-1503-42DC-9BB9-D2DDCF53B3F9}.Release|Any CPU.Build.0 = Release|Any CPU
		{31F41B85-BA86-48F0-89DF-84590DAFA7CF}.Debug|Any CPU.ActiveCfg = Debug|Any CPU
		{31F41B85-BA86-48F0-89DF-84590DAFA7CF}.Debug|Any CPU.Build.0 = Debug|Any CPU
		{31F41B85-BA86-48F0-89DF-84590DAFA7CF}.Release|Any CPU.ActiveCfg = Release|Any CPU
		{31F41B85-BA86-48F0-89DF-84590DAFA7CF}.Release|Any CPU.Build.0 = Release|Any CPU
	EndGlobalSection
	GlobalSection(SolutionProperties) = preSolution
		HideSolutionNode = FALSE
	EndGlobalSection
	GlobalSection(ExtensibilityGlobals) = postSolution
		SolutionGuid = {EDFC0581-2E6C-4C57-8AE6-F944C42B5262}
	EndGlobalSection
EndGlobal
